
Microsoft Visual Studio Solution File, Format Version 12.00
# Visual Studio Version 17
VisualStudioVersion = 17.11.35303.130
MinimumVisualStudioVersion = 10.0.40219.1
Project("{FAE04EC0-301F-11D3-BF4B-00C04F79EFBC}") = "InspectorLib", "InspectorLib.csproj", "{71ABE09D-1EEA-4B72-8733-3959E2D4F8FB}"
EndProject
Global
	GlobalSection(SolutionConfigurationPlatforms) = preSolution
		Debug|Any CPU = Debug|Any CPU
		Release|Any CPU = Release|Any CPU
	EndGlobalSection
	GlobalSection(ProjectConfigurationPlatforms) = postSolution
		{71ABE09D-1EEA-4B72-8733-3959E2D4F8FB}.Debug|Any CPU.ActiveCfg = Debug|Any CPU
		{71ABE09D-1EEA-4B72-8733-3959E2D4F8FB}.Debug|Any CPU.Build.0 = Debug|Any CPU
		{71ABE09D-1EEA-4B72-8733-3959E2D4F8FB}.Release|Any CPU.ActiveCfg = Release|Any CPU
		{71ABE09D-1EEA-4B72-8733-3959E2D4F8FB}.Release|Any CPU.Build.0 = Release|Any CPU
	EndGlobalSection
	GlobalSection(SolutionProperties) = preSolution
		HideSolutionNode = FALSE
	EndGlobalSection
	GlobalSection(ExtensibilityGlobals) = postSolution
		SolutionGuid = {A20F0F83-666C-4803-A473-33F6BD453B0E}
	EndGlobalSection
EndGlobal
